
Microsoft Visual Studio Solution File, Format Version 12.00
# Visual Studio Version 17
VisualStudioVersion = 17.2.32630.192
MinimumVisualStudioVersion = 10.0.40219.1
Project("{FAE04EC0-301F-11D3-BF4B-00C04F79EFBC}") = "Calculator_v2", "Calculator_v2.csproj", "{817F15B5-953D-46BD-9D34-DAE722303A39}"
EndProject
Global
	GlobalSection(SolutionConfigurationPlatforms) = preSolution
		Debug|Any CPU = Debug|Any CPU
		Release|Any CPU = Release|Any CPU
	EndGlobalSection
	GlobalSection(ProjectConfigurationPlatforms) = postSolution
		{817F15B5-953D-46BD-9D34-DAE722303A39}.Debug|Any CPU.ActiveCfg = Debug|Any CPU
		{817F15B5-953D-46BD-9D34-DAE722303A39}.Debug|Any CPU.Build.0 = Debug|Any CPU
		{817F15B5-953D-46BD-9D34-DAE722303A39}.Release|Any CPU.ActiveCfg = Release|Any CPU
		{817F15B5-953D-46BD-9D34-DAE722303A39}.Release|Any CPU.Build.0 = Release|Any CPU
	EndGlobalSection
	GlobalSection(SolutionProperties) = preSolution
		HideSolutionNode = FALSE
	EndGlobalSection
	GlobalSection(ExtensibilityGlobals) = postSolution
		SolutionGuid = {F33A6F66-B5E5-4557-89B8-F59501193461}
	EndGlobalSection
EndGlobal
